
Microsoft Visual Studio Solution File, Format Version 12.00
Project("{FAE04EC0-301F-11D3-BF4B-00C04F79EFBC}") = "TP2", "TP2\TP2.csproj", "{1806902F-8AAD-4995-8182-533078D25EE7}"
EndProject
Project("{FAE04EC0-301F-11D3-BF4B-00C04F79EFBC}") = "Test", "Test\Test.csproj", "{2AD33226-D3AD-4483-AF15-D0A0036F25B3}"
EndProject
Global
	GlobalSection(SolutionConfigurationPlatforms) = preSolution
		Debug|Any CPU = Debug|Any CPU
		Release|Any CPU = Release|Any CPU
	EndGlobalSection
	GlobalSection(ProjectConfigurationPlatforms) = postSolution
		{1806902F-8AAD-4995-8182-533078D25EE7}.Debug|Any CPU.ActiveCfg = Debug|Any CPU
		{1806902F-8AAD-4995-8182-533078D25EE7}.Debug|Any CPU.Build.0 = Debug|Any CPU
		{1806902F-8AAD-4995-8182-533078D25EE7}.Release|Any CPU.ActiveCfg = Release|Any CPU
		{1806902F-8AAD-4995-8182-533078D25EE7}.Release|Any CPU.Build.0 = Release|Any CPU
		{2AD33226-D3AD-4483-AF15-D0A0036F25B3}.Debug|Any CPU.ActiveCfg = Debug|Any CPU
		{2AD33226-D3AD-4483-AF15-D0A0036F25B3}.Debug|Any CPU.Build.0 = Debug|Any CPU
		{2AD33226-D3AD-4483-AF15-D0A0036F25B3}.Release|Any CPU.ActiveCfg = Release|Any CPU
		{2AD33226-D3AD-4483-AF15-D0A0036F25B3}.Release|Any CPU.Build.0 = Release|Any CPU
	EndGlobalSection
EndGlobal
